// !$*UTF8*$!
{
	archiveVersion = 1;
	classes = {
	};
	objectVersion = 48;
	objects = {

/* Begin PBXBuildFile section */
		59BE0581E8D6449E8A389D91 /* libPods-StickerPocket.a in Frameworks */ = {isa = PBXBuildFile; fileRef = D6EF012236F503F5D78AC75F /* libPods-StickerPocket.a */; };
		E70B8B8B900A7D0A481B1622 /* libPods-StickerPocketTests.a in Frameworks */ = {isa = PBXBuildFile; fileRef = 7957507CA4530603E2394EBA /* libPods-StickerPocketTests.a */; };
		F156A697CB016F687A6C3371 /* libPods-StickerPocketUITests.a in Frameworks */ = {isa = PBXBuildFile; fileRef = A98185067225EF4C8FBB5CEE /* libPods-StickerPocketUITests.a */; };
		F8B853D91FA8723A00892862 /* AppDelegate.m in Sources */ = {isa = PBXBuildFile; fileRef = F8B853D81FA8723A00892862 /* AppDelegate.m */; };
		F8B853DC1FA8723A00892862 /* ViewController.m in Sources */ = {isa = PBXBuildFile; fileRef = F8B853DB1FA8723A00892862 /* ViewController.m */; };
		F8B853DF1FA8723A00892862 /* Main.storyboard in Resources */ = {isa = PBXBuildFile; fileRef = F8B853DD1FA8723A00892862 /* Main.storyboard */; };
		F8B853E11FA8723A00892862 /* Assets.xcassets in Resources */ = {isa = PBXBuildFile; fileRef = F8B853E01FA8723A00892862 /* Assets.xcassets */; };
		F8B853E41FA8723A00892862 /* LaunchScreen.storyboard in Resources */ = {isa = PBXBuildFile; fileRef = F8B853E21FA8723A00892862 /* LaunchScreen.storyboard */; };
		F8B853E71FA8723A00892862 /* main.m in Sources */ = {isa = PBXBuildFile; fileRef = F8B853E61FA8723A00892862 /* main.m */; };
		F8B853F11FA8723B00892862 /* StickerPocketTests.m in Sources */ = {isa = PBXBuildFile; fileRef = F8B853F01FA8723B00892862 /* StickerPocketTests.m */; };
		F8B853FC1FA8723B00892862 /* StickerPocketUITests.m in Sources */ = {isa = PBXBuildFile; fileRef = F8B853FB1FA8723B00892862 /* StickerPocketUITests.m */; };
		F8BEF25F1FA9660A00EF218E /* Localizable.strings in Resources */ = {isa = PBXBuildFile; fileRef = F8BEF2611FA9660A00EF218E /* Localizable.strings */; };
		F8BEF2741FA979C500EF218E /* IDMPhotoBrowser.bundle in Resources */ = {isa = PBXBuildFile; fileRef = F8BEF2641FA979C500EF218E /* IDMPhotoBrowser.bundle */; };
		F8BEF2751FA979C500EF218E /* IDMPBLocalizations.bundle in Resources */ = {isa = PBXBuildFile; fileRef = F8BEF2661FA979C500EF218E /* IDMPBLocalizations.bundle */; };
		F8BEF2761FA979C500EF218E /* IDMTapDetectingImageView.m in Sources */ = {isa = PBXBuildFile; fileRef = F8BEF26A1FA979C500EF218E /* IDMTapDetectingImageView.m */; };
		F8BEF2771FA979C500EF218E /* IDMCaptionView.m in Sources */ = {isa = PBXBuildFile; fileRef = F8BEF26C1FA979C500EF218E /* IDMCaptionView.m */; };
		F8BEF2781FA979C500EF218E /* IDMPhoto.m in Sources */ = {isa = PBXBuildFile; fileRef = F8BEF26D1FA979C500EF218E /* IDMPhoto.m */; };
		F8BEF2791FA979C500EF218E /* IDMZoomingScrollView.m in Sources */ = {isa = PBXBuildFile; fileRef = F8BEF26E1FA979C500EF218E /* IDMZoomingScrollView.m */; };
		F8BEF27A1FA979C500EF218E /* IDMPhotoBrowser.m in Sources */ = {isa = PBXBuildFile; fileRef = F8BEF2701FA979C500EF218E /* IDMPhotoBrowser.m */; };
		F8BEF27B1FA979C500EF218E /* IDMTapDetectingView.m in Sources */ = {isa = PBXBuildFile; fileRef = F8BEF2721FA979C500EF218E /* IDMTapDetectingView.m */; };
		F8BEF2891FA97CA900EF218E /* SDImageCache+HRExtension.m in Sources */ = {isa = PBXBuildFile; fileRef = F8BEF27D1FA97CA900EF218E /* SDImageCache+HRExtension.m */; };
		F8BEF28A1FA97CA900EF218E /* FMDatabaseQueue+HRExtension.m in Sources */ = {isa = PBXBuildFile; fileRef = F8BEF27E1FA97CA900EF218E /* FMDatabaseQueue+HRExtension.m */; };
		F8BEF28B1FA97CA900EF218E /* NSData+HRAddition.m in Sources */ = {isa = PBXBuildFile; fileRef = F8BEF2851FA97CA900EF218E /* NSData+HRAddition.m */; };
		F8BEF28C1FA97CA900EF218E /* UIView+MJExtension.m in Sources */ = {isa = PBXBuildFile; fileRef = F8BEF2861FA97CA900EF218E /* UIView+MJExtension.m */; };
		F8BEF28D1FA97CA900EF218E /* UIImage+HRAddition.m in Sources */ = {isa = PBXBuildFile; fileRef = F8BEF2871FA97CA900EF218E /* UIImage+HRAddition.m */; };
/* End PBXBuildFile section */

/* Begin PBXContainerItemProxy section */
		F8B853ED1FA8723B00892862 /* PBXContainerItemProxy */ = {
			isa = PBXContainerItemProxy;
			containerPortal = F8B853CC1FA8723A00892862 /* Project object */;
			proxyType = 1;
			remoteGlobalIDString = F8B853D31FA8723A00892862;
			remoteInfo = StickerPocket;
		};
		F8B853F81FA8723B00892862 /* PBXContainerItemProxy */ = {
			isa = PBXContainerItemProxy;
			containerPortal = F8B853CC1FA8723A00892862 /* Project object */;
			proxyType = 1;
			remoteGlobalIDString = F8B853D31FA8723A00892862;
			remoteInfo = StickerPocket;
		};
/* End PBXContainerItemProxy section */

/* Begin PBXFileReference section */
		14C33BD7489FE3C0266FAA45 /* Pods-StickerPocketTests.release.xcconfig */ = {isa = PBXFileReference; includeInIndex = 1; lastKnownFileType = text.xcconfig; name = "Pods-StickerPocketTests.release.xcconfig"; path = "Pods/Target Support Files/Pods-StickerPocketTests/Pods-StickerPocketTests.release.xcconfig"; sourceTree = "<group>"; };
		1864563AF6A74CD6507DF73F /* Pods-StickerPocketUITests.debug.xcconfig */ = {isa = PBXFileReference; includeInIndex = 1; lastKnownFileType = text.xcconfig; name = "Pods-StickerPocketUITests.debug.xcconfig"; path = "Pods/Target Support Files/Pods-StickerPocketUITests/Pods-StickerPocketUITests.debug.xcconfig"; sourceTree = "<group>"; };
		4165857C7A3C7CE1A3B69FB0 /* Pods-StickerPocket.release.xcconfig */ = {isa = PBXFileReference; includeInIndex = 1; lastKnownFileType = text.xcconfig; name = "Pods-StickerPocket.release.xcconfig"; path = "Pods/Target Support Files/Pods-StickerPocket/Pods-StickerPocket.release.xcconfig"; sourceTree = "<group>"; };
		5526F171100748FB54341203 /* Pods-StickerPocket.debug.xcconfig */ = {isa = PBXFileReference; includeInIndex = 1; lastKnownFileType = text.xcconfig; name = "Pods-StickerPocket.debug.xcconfig"; path = "Pods/Target Support Files/Pods-StickerPocket/Pods-StickerPocket.debug.xcconfig"; sourceTree = "<group>"; };
		7957507CA4530603E2394EBA /* libPods-StickerPocketTests.a */ = {isa = PBXFileReference; explicitFileType = archive.ar; includeInIndex = 0; path = "libPods-StickerPocketTests.a"; sourceTree = BUILT_PRODUCTS_DIR; };
		A98185067225EF4C8FBB5CEE /* libPods-StickerPocketUITests.a */ = {isa = PBXFileReference; explicitFileType = archive.ar; includeInIndex = 0; path = "libPods-StickerPocketUITests.a"; sourceTree = BUILT_PRODUCTS_DIR; };
		A9BF80B42652C6C7082E4BCC /* Pods-StickerPocketUITests.release.xcconfig */ = {isa = PBXFileReference; includeInIndex = 1; lastKnownFileType = text.xcconfig; name = "Pods-StickerPocketUITests.release.xcconfig"; path = "Pods/Target Support Files/Pods-StickerPocketUITests/Pods-StickerPocketUITests.release.xcconfig"; sourceTree = "<group>"; };
		D6EF012236F503F5D78AC75F /* libPods-StickerPocket.a */ = {isa = PBXFileReference; explicitFileType = archive.ar; includeInIndex = 0; path = "libPods-StickerPocket.a"; sourceTree = BUILT_PRODUCTS_DIR; };
		DBE1179240D6F6E50E12A461 /* Pods-StickerPocketTests.debug.xcconfig */ = {isa = PBXFileReference; includeInIndex = 1; lastKnownFileType = text.xcconfig; name = "Pods-StickerPocketTests.debug.xcconfig"; path = "Pods/Target Support Files/Pods-StickerPocketTests/Pods-StickerPocketTests.debug.xcconfig"; sourceTree = "<group>"; };
		F8B853D41FA8723A00892862 /* StickerPocket.app */ = {isa = PBXFileReference; explicitFileType = wrapper.application; includeInIndex = 0; path = StickerPocket.app; sourceTree = BUILT_PRODUCTS_DIR; };
		F8B853D71FA8723A00892862 /* AppDelegate.h */ = {isa = PBXFileReference; lastKnownFileType = sourcecode.c.h; path = AppDelegate.h; sourceTree = "<group>"; };
		F8B853D81FA8723A00892862 /* AppDelegate.m */ = {isa = PBXFileReference; lastKnownFileType = sourcecode.c.objc; path = AppDelegate.m; sourceTree = "<group>"; };
		F8B853DA1FA8723A00892862 /* ViewController.h */ = {isa = PBXFileReference; lastKnownFileType = sourcecode.c.h; path = ViewController.h; sourceTree = "<group>"; };
		F8B853DB1FA8723A00892862 /* ViewController.m */ = {isa = PBXFileReference; lastKnownFileType = sourcecode.c.objc; path = ViewController.m; sourceTree = "<group>"; };
		F8B853DE1FA8723A00892862 /* Base */ = {isa = PBXFileReference; lastKnownFileType = file.storyboard; name = Base; path = Base.lproj/Main.storyboard; sourceTree = "<group>"; };
		F8B853E01FA8723A00892862 /* Assets.xcassets */ = {isa = PBXFileReference; lastKnownFileType = folder.assetcatalog; path = Assets.xcassets; sourceTree = "<group>"; };
		F8B853E31FA8723A00892862 /* Base */ = {isa = PBXFileReference; lastKnownFileType = file.storyboard; name = Base; path = Base.lproj/LaunchScreen.storyboard; sourceTree = "<group>"; };
		F8B853E51FA8723A00892862 /* Info.plist */ = {isa = PBXFileReference; lastKnownFileType = text.plist.xml; path = Info.plist; sourceTree = "<group>"; };
		F8B853E61FA8723A00892862 /* main.m */ = {isa = PBXFileReference; lastKnownFileType = sourcecode.c.objc; path = main.m; sourceTree = "<group>"; };
		F8B853EC1FA8723B00892862 /* StickerPocketTests.xctest */ = {isa = PBXFileReference; explicitFileType = wrapper.cfbundle; includeInIndex = 0; path = StickerPocketTests.xctest; sourceTree = BUILT_PRODUCTS_DIR; };
		F8B853F01FA8723B00892862 /* StickerPocketTests.m */ = {isa = PBXFileReference; lastKnownFileType = sourcecode.c.objc; path = StickerPocketTests.m; sourceTree = "<group>"; };
		F8B853F21FA8723B00892862 /* Info.plist */ = {isa = PBXFileReference; lastKnownFileType = text.plist.xml; path = Info.plist; sourceTree = "<group>"; };
		F8B853F71FA8723B00892862 /* StickerPocketUITests.xctest */ = {isa = PBXFileReference; explicitFileType = wrapper.cfbundle; includeInIndex = 0; path = StickerPocketUITests.xctest; sourceTree = BUILT_PRODUCTS_DIR; };
		F8B853FB1FA8723B00892862 /* StickerPocketUITests.m */ = {isa = PBXFileReference; lastKnownFileType = sourcecode.c.objc; path = StickerPocketUITests.m; sourceTree = "<group>"; };
		F8B853FD1FA8723B00892862 /* Info.plist */ = {isa = PBXFileReference; lastKnownFileType = text.plist.xml; path = Info.plist; sourceTree = "<group>"; };
		F8B8540B1FA877BD00892862 /* zh-Hans */ = {isa = PBXFileReference; lastKnownFileType = text.plist.strings; name = "zh-Hans"; path = "zh-Hans.lproj/Main.strings"; sourceTree = "<group>"; };
		F8B8540E1FA87BEB00892862 /* en */ = {isa = PBXFileReference; lastKnownFileType = text.plist.strings; name = en; path = en.lproj/Main.strings; sourceTree = "<group>"; };
		F8B8540F1FA8805F00892862 /* StickerPocket.entitlements */ = {isa = PBXFileReference; lastKnownFileType = text.plist.entitlements; path = StickerPocket.entitlements; sourceTree = "<group>"; };
		F8BEF2601FA9660A00EF218E /* en */ = {isa = PBXFileReference; lastKnownFileType = text.plist.strings; name = en; path = en.lproj/Localizable.strings; sourceTree = "<group>"; };
		F8BEF2621FA9660C00EF218E /* zh-Hans */ = {isa = PBXFileReference; lastKnownFileType = text.plist.strings; name = "zh-Hans"; path = "zh-Hans.lproj/Localizable.strings"; sourceTree = "<group>"; };
		F8BEF2641FA979C500EF218E /* IDMPhotoBrowser.bundle */ = {isa = PBXFileReference; lastKnownFileType = "wrapper.plug-in"; path = IDMPhotoBrowser.bundle; sourceTree = "<group>"; };
		F8BEF2651FA979C500EF218E /* IDMCaptionView.h */ = {isa = PBXFileReference; fileEncoding = 4; lastKnownFileType = sourcecode.c.h; path = IDMCaptionView.h; sourceTree = "<group>"; };
		F8BEF2661FA979C500EF218E /* IDMPBLocalizations.bundle */ = {isa = PBXFileReference; lastKnownFileType = "wrapper.plug-in"; path = IDMPBLocalizations.bundle; sourceTree = "<group>"; };
		F8BEF2671FA979C500EF218E /* IDMZoomingScrollView.h */ = {isa = PBXFileReference; fileEncoding = 4; lastKnownFileType = sourcecode.c.h; path = IDMZoomingScrollView.h; sourceTree = "<group>"; };
		F8BEF2681FA979C500EF218E /* IDMPhoto.h */ = {isa = PBXFileReference; fileEncoding = 4; lastKnownFileType = sourcecode.c.h; path = IDMPhoto.h; sourceTree = "<group>"; };
		F8BEF2691FA979C500EF218E /* IDMPhotoBrowser.h */ = {isa = PBXFileReference; fileEncoding = 4; lastKnownFileType = sourcecode.c.h; path = IDMPhotoBrowser.h; sourceTree = "<group>"; };
		F8BEF26A1FA979C500EF218E /* IDMTapDetectingImageView.m */ = {isa = PBXFileReference; fileEncoding = 4; lastKnownFileType = sourcecode.c.objc; path = IDMTapDetectingImageView.m; sourceTree = "<group>"; };
		F8BEF26B1FA979C500EF218E /* IDMTapDetectingView.h */ = {isa = PBXFileReference; fileEncoding = 4; lastKnownFileType = sourcecode.c.h; path = IDMTapDetectingView.h; sourceTree = "<group>"; };
		F8BEF26C1FA979C500EF218E /* IDMCaptionView.m */ = {isa = PBXFileReference; fileEncoding = 4; lastKnownFileType = sourcecode.c.objc; path = IDMCaptionView.m; sourceTree = "<group>"; };
		F8BEF26D1FA979C500EF218E /* IDMPhoto.m */ = {isa = PBXFileReference; fileEncoding = 4; lastKnownFileType = sourcecode.c.objc; path = IDMPhoto.m; sourceTree = "<group>"; };
		F8BEF26E1FA979C500EF218E /* IDMZoomingScrollView.m */ = {isa = PBXFileReference; fileEncoding = 4; lastKnownFileType = sourcecode.c.objc; path = IDMZoomingScrollView.m; sourceTree = "<group>"; };
		F8BEF26F1FA979C500EF218E /* IDMPhotoProtocol.h */ = {isa = PBXFileReference; fileEncoding = 4; lastKnownFileType = sourcecode.c.h; path = IDMPhotoProtocol.h; sourceTree = "<group>"; };
		F8BEF2701FA979C500EF218E /* IDMPhotoBrowser.m */ = {isa = PBXFileReference; fileEncoding = 4; lastKnownFileType = sourcecode.c.objc; path = IDMPhotoBrowser.m; sourceTree = "<group>"; };
		F8BEF2711FA979C500EF218E /* IDMPBConstants.h */ = {isa = PBXFileReference; fileEncoding = 4; lastKnownFileType = sourcecode.c.h; path = IDMPBConstants.h; sourceTree = "<group>"; };
		F8BEF2721FA979C500EF218E /* IDMTapDetectingView.m */ = {isa = PBXFileReference; fileEncoding = 4; lastKnownFileType = sourcecode.c.objc; path = IDMTapDetectingView.m; sourceTree = "<group>"; };
		F8BEF2731FA979C500EF218E /* IDMTapDetectingImageView.h */ = {isa = PBXFileReference; fileEncoding = 4; lastKnownFileType = sourcecode.c.h; path = IDMTapDetectingImageView.h; sourceTree = "<group>"; };
		F8BEF27D1FA97CA900EF218E /* SDImageCache+HRExtension.m */ = {isa = PBXFileReference; fileEncoding = 4; lastKnownFileType = sourcecode.c.objc; path = "SDImageCache+HRExtension.m"; sourceTree = "<group>"; };
		F8BEF27E1FA97CA900EF218E /* FMDatabaseQueue+HRExtension.m */ = {isa = PBXFileReference; fileEncoding = 4; lastKnownFileType = sourcecode.c.objc; path = "FMDatabaseQueue+HRExtension.m"; sourceTree = "<group>"; };
		F8BEF27F1FA97CA900EF218E /* UIView+MJExtension.h */ = {isa = PBXFileReference; fileEncoding = 4; lastKnownFileType = sourcecode.c.h; path = "UIView+MJExtension.h"; sourceTree = "<group>"; };
		F8BEF2801FA97CA900EF218E /* NSData+HRAddition.h */ = {isa = PBXFileReference; fileEncoding = 4; lastKnownFileType = sourcecode.c.h; path = "NSData+HRAddition.h"; sourceTree = "<group>"; };
		F8BEF2821FA97CA900EF218E /* UIImage+HRAddition.h */ = {isa = PBXFileReference; fileEncoding = 4; lastKnownFileType = sourcecode.c.h; path = "UIImage+HRAddition.h"; sourceTree = "<group>"; };
		F8BEF2831FA97CA900EF218E /* SDImageCache+HRExtension.h */ = {isa = PBXFileReference; fileEncoding = 4; lastKnownFileType = sourcecode.c.h; path = "SDImageCache+HRExtension.h"; sourceTree = "<group>"; };
		F8BEF2841FA97CA900EF218E /* FMDatabaseQueue+HRExtension.h */ = {isa = PBXFileReference; fileEncoding = 4; lastKnownFileType = sourcecode.c.h; path = "FMDatabaseQueue+HRExtension.h"; sourceTree = "<group>"; };
		F8BEF2851FA97CA900EF218E /* NSData+HRAddition.m */ = {isa = PBXFileReference; fileEncoding = 4; lastKnownFileType = sourcecode.c.objc; path = "NSData+HRAddition.m"; sourceTree = "<group>"; };
		F8BEF2861FA97CA900EF218E /* UIView+MJExtension.m */ = {isa = PBXFileReference; fileEncoding = 4; lastKnownFileType = sourcecode.c.objc; path = "UIView+MJExtension.m"; sourceTree = "<group>"; };
		F8BEF2871FA97CA900EF218E /* UIImage+HRAddition.m */ = {isa = PBXFileReference; fileEncoding = 4; lastKnownFileType = sourcecode.c.objc; path = "UIImage+HRAddition.m"; sourceTree = "<group>"; };
		F8BEF28F1FA97E8000EF218E /* MacroDefinition.h */ = {isa = PBXFileReference; lastKnownFileType = sourcecode.c.h; path = MacroDefinition.h; sourceTree = "<group>"; };
		F8BEF2901FA97E9100EF218E /* PrefixHeader.pch */ = {isa = PBXFileReference; lastKnownFileType = sourcecode.c.h; path = PrefixHeader.pch; sourceTree = "<group>"; };
/* End PBXFileReference section */

/* Begin PBXFrameworksBuildPhase section */
		F8B853D11FA8723A00892862 /* Frameworks */ = {
			isa = PBXFrameworksBuildPhase;
			buildActionMask = 2147483647;
			files = (
				59BE0581E8D6449E8A389D91 /* libPods-StickerPocket.a in Frameworks */,
			);
			runOnlyForDeploymentPostprocessing = 0;
		};
		F8B853E91FA8723B00892862 /* Frameworks */ = {
			isa = PBXFrameworksBuildPhase;
			buildActionMask = 2147483647;
			files = (
				E70B8B8B900A7D0A481B1622 /* libPods-StickerPocketTests.a in Frameworks */,
			);
			runOnlyForDeploymentPostprocessing = 0;
		};
		F8B853F41FA8723B00892862 /* Frameworks */ = {
			isa = PBXFrameworksBuildPhase;
			buildActionMask = 2147483647;
			files = (
				F156A697CB016F687A6C3371 /* libPods-StickerPocketUITests.a in Frameworks */,
			);
			runOnlyForDeploymentPostprocessing = 0;
		};
/* End PBXFrameworksBuildPhase section */

/* Begin PBXGroup section */
		913897CBCB5D07F62EE7959E /* Pods */ = {
			isa = PBXGroup;
			children = (
				5526F171100748FB54341203 /* Pods-StickerPocket.debug.xcconfig */,
				4165857C7A3C7CE1A3B69FB0 /* Pods-StickerPocket.release.xcconfig */,
				DBE1179240D6F6E50E12A461 /* Pods-StickerPocketTests.debug.xcconfig */,
				14C33BD7489FE3C0266FAA45 /* Pods-StickerPocketTests.release.xcconfig */,
				1864563AF6A74CD6507DF73F /* Pods-StickerPocketUITests.debug.xcconfig */,
				A9BF80B42652C6C7082E4BCC /* Pods-StickerPocketUITests.release.xcconfig */,
			);
			name = Pods;
			sourceTree = "<group>";
		};
		B7F1B187C7CD76C5C0E63F19 /* Frameworks */ = {
			isa = PBXGroup;
			children = (
				D6EF012236F503F5D78AC75F /* libPods-StickerPocket.a */,
				7957507CA4530603E2394EBA /* libPods-StickerPocketTests.a */,
				A98185067225EF4C8FBB5CEE /* libPods-StickerPocketUITests.a */,
			);
			name = Frameworks;
			sourceTree = "<group>";
		};
		F8B853CB1FA8723A00892862 = {
			isa = PBXGroup;
			children = (
				F8B853D61FA8723A00892862 /* StickerPocket */,
				F8B853EF1FA8723B00892862 /* StickerPocketTests */,
				F8B853FA1FA8723B00892862 /* StickerPocketUITests */,
				F8B853D51FA8723A00892862 /* Products */,
				913897CBCB5D07F62EE7959E /* Pods */,
				B7F1B187C7CD76C5C0E63F19 /* Frameworks */,
			);
			sourceTree = "<group>";
		};
		F8B853D51FA8723A00892862 /* Products */ = {
			isa = PBXGroup;
			children = (
				F8B853D41FA8723A00892862 /* StickerPocket.app */,
				F8B853EC1FA8723B00892862 /* StickerPocketTests.xctest */,
				F8B853F71FA8723B00892862 /* StickerPocketUITests.xctest */,
			);
			name = Products;
			sourceTree = "<group>";
		};
		F8B853D61FA8723A00892862 /* StickerPocket */ = {
			isa = PBXGroup;
			children = (
				F8BEF27C1FA97CA900EF218E /* Category */,
				F8BEF2631FA979C500EF218E /* PhotoBrowser */,
				F8B8540F1FA8805F00892862 /* StickerPocket.entitlements */,
				F8B853D71FA8723A00892862 /* AppDelegate.h */,
				F8B853D81FA8723A00892862 /* AppDelegate.m */,
				F8B853DA1FA8723A00892862 /* ViewController.h */,
				F8B853DB1FA8723A00892862 /* ViewController.m */,
				F8B853DD1FA8723A00892862 /* Main.storyboard */,
				F8B853E01FA8723A00892862 /* Assets.xcassets */,
				F8B853E21FA8723A00892862 /* LaunchScreen.storyboard */,
				F8BEF2901FA97E9100EF218E /* PrefixHeader.pch */,
				F8BEF28F1FA97E8000EF218E /* MacroDefinition.h */,
				F8B853E51FA8723A00892862 /* Info.plist */,
				F8B853E61FA8723A00892862 /* main.m */,
				F8BEF2611FA9660A00EF218E /* Localizable.strings */,
			);
			path = StickerPocket;
			sourceTree = "<group>";
		};
		F8B853EF1FA8723B00892862 /* StickerPocketTests */ = {
			isa = PBXGroup;
			children = (
				F8B853F01FA8723B00892862 /* StickerPocketTests.m */,
				F8B853F21FA8723B00892862 /* Info.plist */,
			);
			path = StickerPocketTests;
			sourceTree = "<group>";
		};
		F8B853FA1FA8723B00892862 /* StickerPocketUITests */ = {
			isa = PBXGroup;
			children = (
				F8B853FB1FA8723B00892862 /* StickerPocketUITests.m */,
				F8B853FD1FA8723B00892862 /* Info.plist */,
			);
			path = StickerPocketUITests;
			sourceTree = "<group>";
		};
		F8BEF2631FA979C500EF218E /* PhotoBrowser */ = {
			isa = PBXGroup;
			children = (
				F8BEF2641FA979C500EF218E /* IDMPhotoBrowser.bundle */,
				F8BEF2651FA979C500EF218E /* IDMCaptionView.h */,
				F8BEF2661FA979C500EF218E /* IDMPBLocalizations.bundle */,
				F8BEF2671FA979C500EF218E /* IDMZoomingScrollView.h */,
				F8BEF2681FA979C500EF218E /* IDMPhoto.h */,
				F8BEF2691FA979C500EF218E /* IDMPhotoBrowser.h */,
				F8BEF26A1FA979C500EF218E /* IDMTapDetectingImageView.m */,
				F8BEF26B1FA979C500EF218E /* IDMTapDetectingView.h */,
				F8BEF26C1FA979C500EF218E /* IDMCaptionView.m */,
				F8BEF26D1FA979C500EF218E /* IDMPhoto.m */,
				F8BEF26E1FA979C500EF218E /* IDMZoomingScrollView.m */,
				F8BEF26F1FA979C500EF218E /* IDMPhotoProtocol.h */,
				F8BEF2701FA979C500EF218E /* IDMPhotoBrowser.m */,
				F8BEF2711FA979C500EF218E /* IDMPBConstants.h */,
				F8BEF2721FA979C500EF218E /* IDMTapDetectingView.m */,
				F8BEF2731FA979C500EF218E /* IDMTapDetectingImageView.h */,
			);
			path = PhotoBrowser;
			sourceTree = "<group>";
		};
		F8BEF27C1FA97CA900EF218E /* Category */ = {
			isa = PBXGroup;
			children = (
				F8BEF2841FA97CA900EF218E /* FMDatabaseQueue+HRExtension.h */,
				F8BEF27E1FA97CA900EF218E /* FMDatabaseQueue+HRExtension.m */,
				F8BEF2801FA97CA900EF218E /* NSData+HRAddition.h */,
				F8BEF2851FA97CA900EF218E /* NSData+HRAddition.m */,
				F8BEF2831FA97CA900EF218E /* SDImageCache+HRExtension.h */,
				F8BEF27D1FA97CA900EF218E /* SDImageCache+HRExtension.m */,
				F8BEF2821FA97CA900EF218E /* UIImage+HRAddition.h */,
				F8BEF2871FA97CA900EF218E /* UIImage+HRAddition.m */,
				F8BEF27F1FA97CA900EF218E /* UIView+MJExtension.h */,
				F8BEF2861FA97CA900EF218E /* UIView+MJExtension.m */,
			);
			path = Category;
			sourceTree = "<group>";
		};
/* End PBXGroup section */

/* Begin PBXNativeTarget section */
		F8B853D31FA8723A00892862 /* StickerPocket */ = {
			isa = PBXNativeTarget;
			buildConfigurationList = F8B854001FA8723B00892862 /* Build configuration list for PBXNativeTarget "StickerPocket" */;
			buildPhases = (
				B3D2E8F875DCD059C347CCA3 /* [CP] Check Pods Manifest.lock */,
				F8B853D01FA8723A00892862 /* Sources */,
				F8B853D11FA8723A00892862 /* Frameworks */,
				F8B853D21FA8723A00892862 /* Resources */,
				2B89A3ACB558C1BF2FC5B73B /* [CP] Embed Pods Frameworks */,
				7123661DA5F40882AE60BE25 /* [CP] Copy Pods Resources */,
			);
			buildRules = (
			);
			dependencies = (
			);
			name = StickerPocket;
			productName = StickerPocket;
			productReference = F8B853D41FA8723A00892862 /* StickerPocket.app */;
			productType = "com.apple.product-type.application";
		};
		F8B853EB1FA8723B00892862 /* StickerPocketTests */ = {
			isa = PBXNativeTarget;
			buildConfigurationList = F8B854031FA8723B00892862 /* Build configuration list for PBXNativeTarget "StickerPocketTests" */;
			buildPhases = (
				4185314549C8CCC5C2820D0B /* [CP] Check Pods Manifest.lock */,
				F8B853E81FA8723B00892862 /* Sources */,
				F8B853E91FA8723B00892862 /* Frameworks */,
				F8B853EA1FA8723B00892862 /* Resources */,
				A6CCA395965D3D2D256F1F7A /* [CP] Embed Pods Frameworks */,
				70C7DE16C5F4687C3A143FA4 /* [CP] Copy Pods Resources */,
			);
			buildRules = (
			);
			dependencies = (
				F8B853EE1FA8723B00892862 /* PBXTargetDependency */,
			);
			name = StickerPocketTests;
			productName = StickerPocketTests;
			productReference = F8B853EC1FA8723B00892862 /* StickerPocketTests.xctest */;
			productType = "com.apple.product-type.bundle.unit-test";
		};
		F8B853F61FA8723B00892862 /* StickerPocketUITests */ = {
			isa = PBXNativeTarget;
			buildConfigurationList = F8B854061FA8723B00892862 /* Build configuration list for PBXNativeTarget "StickerPocketUITests" */;
			buildPhases = (
				F9328389AAEC80B74B391445 /* [CP] Check Pods Manifest.lock */,
				F8B853F31FA8723B00892862 /* Sources */,
				F8B853F41FA8723B00892862 /* Frameworks */,
				F8B853F51FA8723B00892862 /* Resources */,
				1EE225228356B2D154211666 /* [CP] Embed Pods Frameworks */,
				7A9C65FDDE380815650299E5 /* [CP] Copy Pods Resources */,
			);
			buildRules = (
			);
			dependencies = (
				F8B853F91FA8723B00892862 /* PBXTargetDependency */,
			);
			name = StickerPocketUITests;
			productName = StickerPocketUITests;
			productReference = F8B853F71FA8723B00892862 /* StickerPocketUITests.xctest */;
			productType = "com.apple.product-type.bundle.ui-testing";
		};
/* End PBXNativeTarget section */

/* Begin PBXProject section */
		F8B853CC1FA8723A00892862 /* Project object */ = {
			isa = PBXProject;
			attributes = {
				CLASSPREFIX = HR;
				LastUpgradeCheck = 0900;
				ORGANIZATIONNAME = "Rui Hou";
				TargetAttributes = {
					F8B853D31FA8723A00892862 = {
						CreatedOnToolsVersion = 9.0.1;
						ProvisioningStyle = Automatic;
						SystemCapabilities = {
							com.apple.ApplicationGroups.iOS = {
								enabled = 1;
							};
							com.apple.iCloud = {
								enabled = 0;
							};
						};
					};
					F8B853EB1FA8723B00892862 = {
						CreatedOnToolsVersion = 9.0.1;
						ProvisioningStyle = Automatic;
						TestTargetID = F8B853D31FA8723A00892862;
					};
					F8B853F61FA8723B00892862 = {
						CreatedOnToolsVersion = 9.0.1;
						ProvisioningStyle = Automatic;
						TestTargetID = F8B853D31FA8723A00892862;
					};
				};
			};
			buildConfigurationList = F8B853CF1FA8723A00892862 /* Build configuration list for PBXProject "StickerPocket" */;
			compatibilityVersion = "Xcode 8.0";
			developmentRegion = en;
			hasScannedForEncodings = 0;
			knownRegions = (
				en,
				Base,
				"zh-Hans",
			);
			mainGroup = F8B853CB1FA8723A00892862;
			productRefGroup = F8B853D51FA8723A00892862 /* Products */;
			projectDirPath = "";
			projectRoot = "";
			targets = (
				F8B853D31FA8723A00892862 /* StickerPocket */,
				F8B853EB1FA8723B00892862 /* StickerPocketTests */,
				F8B853F61FA8723B00892862 /* StickerPocketUITests */,
			);
		};
/* End PBXProject section */

/* Begin PBXResourcesBuildPhase section */
		F8B853D21FA8723A00892862 /* Resources */ = {
			isa = PBXResourcesBuildPhase;
			buildActionMask = 2147483647;
			files = (
				F8B853E41FA8723A00892862 /* LaunchScreen.storyboard in Resources */,
				F8BEF25F1FA9660A00EF218E /* Localizable.strings in Resources */,
				F8BEF2741FA979C500EF218E /* IDMPhotoBrowser.bundle in Resources */,
				F8B853E11FA8723A00892862 /* Assets.xcassets in Resources */,
				F8B853DF1FA8723A00892862 /* Main.storyboard in Resources */,
				F8BEF2751FA979C500EF218E /* IDMPBLocalizations.bundle in Resources */,
			);
			runOnlyForDeploymentPostprocessing = 0;
		};
		F8B853EA1FA8723B00892862 /* Resources */ = {
			isa = PBXResourcesBuildPhase;
			buildActionMask = 2147483647;
			files = (
			);
			runOnlyForDeploymentPostprocessing = 0;
		};
		F8B853F51FA8723B00892862 /* Resources */ = {
			isa = PBXResourcesBuildPhase;
			buildActionMask = 2147483647;
			files = (
			);
			runOnlyForDeploymentPostprocessing = 0;
		};
/* End PBXResourcesBuildPhase section */

/* Begin PBXShellScriptBuildPhase section */
		1EE225228356B2D154211666 /* [CP] Embed Pods Frameworks */ = {
			isa = PBXShellScriptBuildPhase;
			buildActionMask = 2147483647;
			files = (
			);
			inputPaths = (
			);
			name = "[CP] Embed Pods Frameworks";
			outputPaths = (
			);
			runOnlyForDeploymentPostprocessing = 0;
			shellPath = /bin/sh;
			shellScript = "\"${SRCROOT}/Pods/Target Support Files/Pods-StickerPocketUITests/Pods-StickerPocketUITests-frameworks.sh\"\n";
			showEnvVarsInLog = 0;
		};
		2B89A3ACB558C1BF2FC5B73B /* [CP] Embed Pods Frameworks */ = {
			isa = PBXShellScriptBuildPhase;
			buildActionMask = 2147483647;
			files = (
			);
			inputPaths = (
			);
			name = "[CP] Embed Pods Frameworks";
			outputPaths = (
			);
			runOnlyForDeploymentPostprocessing = 0;
			shellPath = /bin/sh;
			shellScript = "\"${SRCROOT}/Pods/Target Support Files/Pods-StickerPocket/Pods-StickerPocket-frameworks.sh\"\n";
			showEnvVarsInLog = 0;
		};
		4185314549C8CCC5C2820D0B /* [CP] Check Pods Manifest.lock */ = {
			isa = PBXShellScriptBuildPhase;
			buildActionMask = 2147483647;
			files = (
			);
			inputPaths = (
				"${PODS_PODFILE_DIR_PATH}/Podfile.lock",
				"${PODS_ROOT}/Manifest.lock",
			);
			name = "[CP] Check Pods Manifest.lock";
			outputPaths = (
				"$(DERIVED_FILE_DIR)/Pods-StickerPocketTests-checkManifestLockResult.txt",
			);
			runOnlyForDeploymentPostprocessing = 0;
			shellPath = /bin/sh;
			shellScript = "diff \"${PODS_PODFILE_DIR_PATH}/Podfile.lock\" \"${PODS_ROOT}/Manifest.lock\" > /dev/null\nif [ $? != 0 ] ; then\n    # print error to STDERR\n    echo \"error: The sandbox is not in sync with the Podfile.lock. Run 'pod install' or update your CocoaPods installation.\" >&2\n    exit 1\nfi\n# This output is used by Xcode 'outputs' to avoid re-running this script phase.\necho \"SUCCESS\" > \"${SCRIPT_OUTPUT_FILE_0}\"\n";
			showEnvVarsInLog = 0;
		};
		70C7DE16C5F4687C3A143FA4 /* [CP] Copy Pods Resources */ = {
			isa = PBXShellScriptBuildPhase;
			buildActionMask = 2147483647;
			files = (
			);
			inputPaths = (
			);
			name = "[CP] Copy Pods Resources";
			outputPaths = (
			);
			runOnlyForDeploymentPostprocessing = 0;
			shellPath = /bin/sh;
			shellScript = "\"${SRCROOT}/Pods/Target Support Files/Pods-StickerPocketTests/Pods-StickerPocketTests-resources.sh\"\n";
			showEnvVarsInLog = 0;
		};
		7123661DA5F40882AE60BE25 /* [CP] Copy Pods Resources */ = {
			isa = PBXShellScriptBuildPhase;
			buildActionMask = 2147483647;
			files = (
			);
			inputPaths = (
			);
			name = "[CP] Copy Pods Resources";
			outputPaths = (
			);
			runOnlyForDeploymentPostprocessing = 0;
			shellPath = /bin/sh;
			shellScript = "\"${SRCROOT}/Pods/Target Support Files/Pods-StickerPocket/Pods-StickerPocket-resources.sh\"\n";
			showEnvVarsInLog = 0;
		};
		7A9C65FDDE380815650299E5 /* [CP] Copy Pods Resources */ = {
			isa = PBXShellScriptBuildPhase;
			buildActionMask = 2147483647;
			files = (
			);
			inputPaths = (
			);
			name = "[CP] Copy Pods Resources";
			outputPaths = (
			);
			runOnlyForDeploymentPostprocessing = 0;
			shellPath = /bin/sh;
			shellScript = "\"${SRCROOT}/Pods/Target Support Files/Pods-StickerPocketUITests/Pods-StickerPocketUITests-resources.sh\"\n";
			showEnvVarsInLog = 0;
		};
		A6CCA395965D3D2D256F1F7A /* [CP] Embed Pods Frameworks */ = {
			isa = PBXShellScriptBuildPhase;
			buildActionMask = 2147483647;
			files = (
			);
			inputPaths = (
			);
			name = "[CP] Embed Pods Frameworks";
			outputPaths = (
			);
			runOnlyForDeploymentPostprocessing = 0;
			shellPath = /bin/sh;
			shellScript = "\"${SRCROOT}/Pods/Target Support Files/Pods-StickerPocketTests/Pods-StickerPocketTests-frameworks.sh\"\n";
			showEnvVarsInLog = 0;
		};
		B3D2E8F875DCD059C347CCA3 /* [CP] Check Pods Manifest.lock */ = {
			isa = PBXShellScriptBuildPhase;
			buildActionMask = 2147483647;
			files = (
			);
			inputPaths = (
				"${PODS_PODFILE_DIR_PATH}/Podfile.lock",
				"${PODS_ROOT}/Manifest.lock",
			);
			name = "[CP] Check Pods Manifest.lock";
			outputPaths = (
				"$(DERIVED_FILE_DIR)/Pods-StickerPocket-checkManifestLockResult.txt",
			);
			runOnlyForDeploymentPostprocessing = 0;
			shellPath = /bin/sh;
			shellScript = "diff \"${PODS_PODFILE_DIR_PATH}/Podfile.lock\" \"${PODS_ROOT}/Manifest.lock\" > /dev/null\nif [ $? != 0 ] ; then\n    # print error to STDERR\n    echo \"error: The sandbox is not in sync with the Podfile.lock. Run 'pod install' or update your CocoaPods installation.\" >&2\n    exit 1\nfi\n# This output is used by Xcode 'outputs' to avoid re-running this script phase.\necho \"SUCCESS\" > \"${SCRIPT_OUTPUT_FILE_0}\"\n";
			showEnvVarsInLog = 0;
		};
		F9328389AAEC80B74B391445 /* [CP] Check Pods Manifest.lock */ = {
			isa = PBXShellScriptBuildPhase;
			buildActionMask = 2147483647;
			files = (
			);
			inputPaths = (
				"${PODS_PODFILE_DIR_PATH}/Podfile.lock",
				"${PODS_ROOT}/Manifest.lock",
			);
			name = "[CP] Check Pods Manifest.lock";
			outputPaths = (
				"$(DERIVED_FILE_DIR)/Pods-StickerPocketUITests-checkManifestLockResult.txt",
			);
			runOnlyForDeploymentPostprocessing = 0;
			shellPath = /bin/sh;
			shellScript = "diff \"${PODS_PODFILE_DIR_PATH}/Podfile.lock\" \"${PODS_ROOT}/Manifest.lock\" > /dev/null\nif [ $? != 0 ] ; then\n    # print error to STDERR\n    echo \"error: The sandbox is not in sync with the Podfile.lock. Run 'pod install' or update your CocoaPods installation.\" >&2\n    exit 1\nfi\n# This output is used by Xcode 'outputs' to avoid re-running this script phase.\necho \"SUCCESS\" > \"${SCRIPT_OUTPUT_FILE_0}\"\n";
			showEnvVarsInLog = 0;
		};
/* End PBXShellScriptBuildPhase section */

/* Begin PBXSourcesBuildPhase section */
		F8B853D01FA8723A00892862 /* Sources */ = {
			isa = PBXSourcesBuildPhase;
			buildActionMask = 2147483647;
			files = (
				F8BEF2791FA979C500EF218E /* IDMZoomingScrollView.m in Sources */,
				F8BEF27B1FA979C500EF218E /* IDMTapDetectingView.m in Sources */,
				F8BEF28A1FA97CA900EF218E /* FMDatabaseQueue+HRExtension.m in Sources */,
				F8B853DC1FA8723A00892862 /* ViewController.m in Sources */,
				F8BEF2761FA979C500EF218E /* IDMTapDetectingImageView.m in Sources */,
				F8B853E71FA8723A00892862 /* main.m in Sources */,
				F8BEF28B1FA97CA900EF218E /* NSData+HRAddition.m in Sources */,
				F8BEF28D1FA97CA900EF218E /* UIImage+HRAddition.m in Sources */,
				F8BEF2891FA97CA900EF218E /* SDImageCache+HRExtension.m in Sources */,
				F8BEF27A1FA979C500EF218E /* IDMPhotoBrowser.m in Sources */,
				F8BEF28C1FA97CA900EF218E /* UIView+MJExtension.m in Sources */,
				F8BEF2781FA979C500EF218E /* IDMPhoto.m in Sources */,
				F8B853D91FA8723A00892862 /* AppDelegate.m in Sources */,
				F8BEF2771FA979C500EF218E /* IDMCaptionView.m in Sources */,
			);
			runOnlyForDeploymentPostprocessing = 0;
		};
		F8B853E81FA8723B00892862 /* Sources */ = {
			isa = PBXSourcesBuildPhase;
			buildActionMask = 2147483647;
			files = (
				F8B853F11FA8723B00892862 /* StickerPocketTests.m in Sources */,
			);
			runOnlyForDeploymentPostprocessing = 0;
		};
		F8B853F31FA8723B00892862 /* Sources */ = {
			isa = PBXSourcesBuildPhase;
			buildActionMask = 2147483647;
			files = (
				F8B853FC1FA8723B00892862 /* StickerPocketUITests.m in Sources */,
			);
			runOnlyForDeploymentPostprocessing = 0;
		};
/* End PBXSourcesBuildPhase section */

/* Begin PBXTargetDependency section */
		F8B853EE1FA8723B00892862 /* PBXTargetDependency */ = {
			isa = PBXTargetDependency;
			target = F8B853D31FA8723A00892862 /* StickerPocket */;
			targetProxy = F8B853ED1FA8723B00892862 /* PBXContainerItemProxy */;
		};
		F8B853F91FA8723B00892862 /* PBXTargetDependency */ = {
			isa = PBXTargetDependency;
			target = F8B853D31FA8723A00892862 /* StickerPocket */;
			targetProxy = F8B853F81FA8723B00892862 /* PBXContainerItemProxy */;
		};
/* End PBXTargetDependency section */

/* Begin PBXVariantGroup section */
		F8B853DD1FA8723A00892862 /* Main.storyboard */ = {
			isa = PBXVariantGroup;
			children = (
				F8B853DE1FA8723A00892862 /* Base */,
				F8B8540B1FA877BD00892862 /* zh-Hans */,
				F8B8540E1FA87BEB00892862 /* en */,
			);
			name = Main.storyboard;
			sourceTree = "<group>";
		};
		F8B853E21FA8723A00892862 /* LaunchScreen.storyboard */ = {
			isa = PBXVariantGroup;
			children = (
				F8B853E31FA8723A00892862 /* Base */,
			);
			name = LaunchScreen.storyboard;
			sourceTree = "<group>";
		};
		F8BEF2611FA9660A00EF218E /* Localizable.strings */ = {
			isa = PBXVariantGroup;
			children = (
				F8BEF2601FA9660A00EF218E /* en */,
				F8BEF2621FA9660C00EF218E /* zh-Hans */,
			);
			name = Localizable.strings;
			sourceTree = "<group>";
		};
/* End PBXVariantGroup section */

/* Begin XCBuildConfiguration section */
		F8B853FE1FA8723B00892862 /* Debug */ = {
			isa = XCBuildConfiguration;
			buildSettings = {
				ALWAYS_SEARCH_USER_PATHS = NO;
				CLANG_ANALYZER_LOCALIZABILITY_NONLOCALIZED = YES;
				CLANG_ANALYZER_NONNULL = YES;
				CLANG_ANALYZER_NUMBER_OBJECT_CONVERSION = YES_AGGRESSIVE;
				CLANG_CXX_LANGUAGE_STANDARD = "gnu++14";
				CLANG_CXX_LIBRARY = "libc++";
				CLANG_ENABLE_MODULES = YES;
				CLANG_ENABLE_OBJC_ARC = YES;
				CLANG_WARN_BLOCK_CAPTURE_AUTORELEASING = YES;
				CLANG_WARN_BOOL_CONVERSION = YES;
				CLANG_WARN_COMMA = YES;
				CLANG_WARN_CONSTANT_CONVERSION = YES;
				CLANG_WARN_DIRECT_OBJC_ISA_USAGE = YES_ERROR;
				CLANG_WARN_DOCUMENTATION_COMMENTS = YES;
				CLANG_WARN_EMPTY_BODY = YES;
				CLANG_WARN_ENUM_CONVERSION = YES;
				CLANG_WARN_INFINITE_RECURSION = YES;
				CLANG_WARN_INT_CONVERSION = YES;
				CLANG_WARN_NON_LITERAL_NULL_CONVERSION = YES;
				CLANG_WARN_OBJC_LITERAL_CONVERSION = YES;
				CLANG_WARN_OBJC_ROOT_CLASS = YES_ERROR;
				CLANG_WARN_RANGE_LOOP_ANALYSIS = YES;
				CLANG_WARN_STRICT_PROTOTYPES = YES;
				CLANG_WARN_SUSPICIOUS_MOVE = YES;
				CLANG_WARN_UNGUARDED_AVAILABILITY = YES_AGGRESSIVE;
				CLANG_WARN_UNREACHABLE_CODE = YES;
				CLANG_WARN__DUPLICATE_METHOD_MATCH = YES;
				CODE_SIGN_IDENTITY = "iPhone Developer";
				COPY_PHASE_STRIP = NO;
				DEBUG_INFORMATION_FORMAT = dwarf;
				ENABLE_STRICT_OBJC_MSGSEND = YES;
				ENABLE_TESTABILITY = YES;
				GCC_C_LANGUAGE_STANDARD = gnu11;
				GCC_DYNAMIC_NO_PIC = NO;
				GCC_NO_COMMON_BLOCKS = YES;
				GCC_OPTIMIZATION_LEVEL = 0;
				GCC_PREFIX_HEADER = "$(SRCROOT)/StickerPocket/PrefixHeader.pch";
				GCC_PREPROCESSOR_DEFINITIONS = (
					"DEBUG=1",
					"$(inherited)",
				);
				GCC_WARN_64_TO_32_BIT_CONVERSION = YES;
				GCC_WARN_ABOUT_RETURN_TYPE = YES_ERROR;
				GCC_WARN_UNDECLARED_SELECTOR = YES;
				GCC_WARN_UNINITIALIZED_AUTOS = YES_AGGRESSIVE;
				GCC_WARN_UNUSED_FUNCTION = YES;
				GCC_WARN_UNUSED_VARIABLE = YES;
				IPHONEOS_DEPLOYMENT_TARGET = 11.0;
				MTL_ENABLE_DEBUG_INFO = YES;
				ONLY_ACTIVE_ARCH = YES;
				SDKROOT = iphoneos;
			};
			name = Debug;
		};
		F8B853FF1FA8723B00892862 /* Release */ = {
			isa = XCBuildConfiguration;
			buildSettings = {
				ALWAYS_SEARCH_USER_PATHS = NO;
				CLANG_ANALYZER_LOCALIZABILITY_NONLOCALIZED = YES;
				CLANG_ANALYZER_NONNULL = YES;
				CLANG_ANALYZER_NUMBER_OBJECT_CONVERSION = YES_AGGRESSIVE;
				CLANG_CXX_LANGUAGE_STANDARD = "gnu++14";
				CLANG_CXX_LIBRARY = "libc++";
				CLANG_ENABLE_MODULES = YES;
				CLANG_ENABLE_OBJC_ARC = YES;
				CLANG_WARN_BLOCK_CAPTURE_AUTORELEASING = YES;
				CLANG_WARN_BOOL_CONVERSION = YES;
				CLANG_WARN_COMMA = YES;
				CLANG_WARN_CONSTANT_CONVERSION = YES;
				CLANG_WARN_DIRECT_OBJC_ISA_USAGE = YES_ERROR;
				CLANG_WARN_DOCUMENTATION_COMMENTS = YES;
				CLANG_WARN_EMPTY_BODY = YES;
				CLANG_WARN_ENUM_CONVERSION = YES;
				CLANG_WARN_INFINITE_RECURSION = YES;
				CLANG_WARN_INT_CONVERSION = YES;
				CLANG_WARN_NON_LITERAL_NULL_CONVERSION = YES;
				CLANG_WARN_OBJC_LITERAL_CONVERSION = YES;
				CLANG_WARN_OBJC_ROOT_CLASS = YES_ERROR;
				CLANG_WARN_RANGE_LOOP_ANALYSIS = YES;
				CLANG_WARN_STRICT_PROTOTYPES = YES;
				CLANG_WARN_SUSPICIOUS_MOVE = YES;
				CLANG_WARN_UNGUARDED_AVAILABILITY = YES_AGGRESSIVE;
				CLANG_WARN_UNREACHABLE_CODE = YES;
				CLANG_WARN__DUPLICATE_METHOD_MATCH = YES;
				CODE_SIGN_IDENTITY = "iPhone Developer";
				COPY_PHASE_STRIP = NO;
				DEBUG_INFORMATION_FORMAT = "dwarf-with-dsym";
				ENABLE_NS_ASSERTIONS = NO;
				ENABLE_STRICT_OBJC_MSGSEND = YES;
				GCC_C_LANGUAGE_STANDARD = gnu11;
				GCC_NO_COMMON_BLOCKS = YES;
				GCC_PREFIX_HEADER = "$(SRCROOT)/StickerPocket/PrefixHeader.pch";
				GCC_WARN_64_TO_32_BIT_CONVERSION = YES;
				GCC_WARN_ABOUT_RETURN_TYPE = YES_ERROR;
				GCC_WARN_UNDECLARED_SELECTOR = YES;
				GCC_WARN_UNINITIALIZED_AUTOS = YES_AGGRESSIVE;
				GCC_WARN_UNUSED_FUNCTION = YES;
				GCC_WARN_UNUSED_VARIABLE = YES;
				IPHONEOS_DEPLOYMENT_TARGET = 11.0;
				MTL_ENABLE_DEBUG_INFO = NO;
				SDKROOT = iphoneos;
				VALIDATE_PRODUCT = YES;
			};
			name = Release;
		};
		F8B854011FA8723B00892862 /* Debug */ = {
			isa = XCBuildConfiguration;
			baseConfigurationReference = 5526F171100748FB54341203 /* Pods-StickerPocket.debug.xcconfig */;
			buildSettings = {
				ASSETCATALOG_COMPILER_APPICON_NAME = AppIcon;
				CODE_SIGN_ENTITLEMENTS = StickerPocket/StickerPocket.entitlements;
				CODE_SIGN_STYLE = Automatic;
				DEVELOPMENT_TEAM = 3ZDSC428LW;
				INFOPLIST_FILE = StickerPocket/Info.plist;
				IPHONEOS_DEPLOYMENT_TARGET = 11.0;
				LD_RUNPATH_SEARCH_PATHS = "$(inherited) @executable_path/Frameworks";
				PRODUCT_BUNDLE_IDENTIFIER = com.ruihou.StickerPocket;
				PRODUCT_NAME = "$(TARGET_NAME)";
				TARGETED_DEVICE_FAMILY = "1,2";
			};
			name = Debug;
		};
		F8B854021FA8723B00892862 /* Release */ = {
			isa = XCBuildConfiguration;
			baseConfigurationReference = 4165857C7A3C7CE1A3B69FB0 /* Pods-StickerPocket.release.xcconfig */;
			buildSettings = {
				ASSETCATALOG_COMPILER_APPICON_NAME = AppIcon;
				CODE_SIGN_ENTITLEMENTS = StickerPocket/StickerPocket.entitlements;
				CODE_SIGN_STYLE = Automatic;
				DEVELOPMENT_TEAM = 3ZDSC428LW;
				INFOPLIST_FILE = StickerPocket/Info.plist;
				IPHONEOS_DEPLOYMENT_TARGET = 11.0;
				LD_RUNPATH_SEARCH_PATHS = "$(inherited) @executable_path/Frameworks";
				PRODUCT_BUNDLE_IDENTIFIER = com.ruihou.StickerPocket;
				PRODUCT_NAME = "$(TARGET_NAME)";
				TARGETED_DEVICE_FAMILY = "1,2";
			};
			name = Release;
		};
		F8B854041FA8723B00892862 /* Debug */ = {
			isa = XCBuildConfiguration;
			baseConfigurationReference = DBE1179240D6F6E50E12A461 /* Pods-StickerPocketTests.debug.xcconfig */;
			buildSettings = {
				BUNDLE_LOADER = "$(TEST_HOST)";
				CODE_SIGN_STYLE = Automatic;
				DEVELOPMENT_TEAM = 3ZDSC428LW;
				INFOPLIST_FILE = StickerPocketTests/Info.plist;
				LD_RUNPATH_SEARCH_PATHS = "$(inherited) @executable_path/Frameworks @loader_path/Frameworks";
				PRODUCT_BUNDLE_IDENTIFIER = com.ruihou.StickerPocketTests;
				PRODUCT_NAME = "$(TARGET_NAME)";
				TARGETED_DEVICE_FAMILY = "1,2";
				TEST_HOST = "$(BUILT_PRODUCTS_DIR)/StickerPocket.app/StickerPocket";
			};
			name = Debug;
		};
		F8B854051FA8723B00892862 /* Release */ = {
			isa = XCBuildConfiguration;
			baseConfigurationReference = 14C33BD7489FE3C0266FAA45 /* Pods-StickerPocketTests.release.xcconfig */;
			buildSettings = {
				BUNDLE_LOADER = "$(TEST_HOST)";
				CODE_SIGN_STYLE = Automatic;
				DEVELOPMENT_TEAM = 3ZDSC428LW;
				INFOPLIST_FILE = StickerPocketTests/Info.plist;
				LD_RUNPATH_SEARCH_PATHS = "$(inherited) @executable_path/Frameworks @loader_path/Frameworks";
				PRODUCT_BUNDLE_IDENTIFIER = com.ruihou.StickerPocketTests;
				PRODUCT_NAME = "$(TARGET_NAME)";
				TARGETED_DEVICE_FAMILY = "1,2";
				TEST_HOST = "$(BUILT_PRODUCTS_DIR)/StickerPocket.app/StickerPocket";
			};
			name = Release;
		};
		F8B854071FA8723B00892862 /* Debug */ = {
			isa = XCBuildConfiguration;
			baseConfigurationReference = 1864563AF6A74CD6507DF73F /* Pods-StickerPocketUITests.debug.xcconfig */;
			buildSettings = {
				CODE_SIGN_STYLE = Automatic;
				DEVELOPMENT_TEAM = 3ZDSC428LW;
				INFOPLIST_FILE = StickerPocketUITests/Info.plist;
				LD_RUNPATH_SEARCH_PATHS = "$(inherited) @executable_path/Frameworks @loader_path/Frameworks";
				PRODUCT_BUNDLE_IDENTIFIER = com.ruihou.StickerPocketUITests;
				PRODUCT_NAME = "$(TARGET_NAME)";
				TARGETED_DEVICE_FAMILY = "1,2";
				TEST_TARGET_NAME = StickerPocket;
			};
			name = Debug;
		};
		F8B854081FA8723B00892862 /* Release */ = {
			isa = XCBuildConfiguration;
			baseConfigurationReference = A9BF80B42652C6C7082E4BCC /* Pods-StickerPocketUITests.release.xcconfig */;
			buildSettings = {
				CODE_SIGN_STYLE = Automatic;
				DEVELOPMENT_TEAM = 3ZDSC428LW;
				INFOPLIST_FILE = StickerPocketUITests/Info.plist;
				LD_RUNPATH_SEARCH_PATHS = "$(inherited) @executable_path/Frameworks @loader_path/Frameworks";
				PRODUCT_BUNDLE_IDENTIFIER = com.ruihou.StickerPocketUITests;
				PRODUCT_NAME = "$(TARGET_NAME)";
				TARGETED_DEVICE_FAMILY = "1,2";
				TEST_TARGET_NAME = StickerPocket;
			};
			name = Release;
		};
/* End XCBuildConfiguration section */

/* Begin XCConfigurationList section */
		F8B853CF1FA8723A00892862 /* Build configuration list for PBXProject "StickerPocket" */ = {
			isa = XCConfigurationList;
			buildConfigurations = (
				F8B853FE1FA8723B00892862 /* Debug */,
				F8B853FF1FA8723B00892862 /* Release */,
			);
			defaultConfigurationIsVisible = 0;
			defaultConfigurationName = Release;
		};
		F8B854001FA8723B00892862 /* Build configuration list for PBXNativeTarget "StickerPocket" */ = {
			isa = XCConfigurationList;
			buildConfigurations = (
				F8B854011FA8723B00892862 /* Debug */,
				F8B854021FA8723B00892862 /* Release */,
			);
			defaultConfigurationIsVisible = 0;
			defaultConfigurationName = Release;
		};
		F8B854031FA8723B00892862 /* Build configuration list for PBXNativeTarget "StickerPocketTests" */ = {
			isa = XCConfigurationList;
			buildConfigurations = (
				F8B854041FA8723B00892862 /* Debug */,
				F8B854051FA8723B00892862 /* Release */,
			);
			defaultConfigurationIsVisible = 0;
			defaultConfigurationName = Release;
		};
		F8B854061FA8723B00892862 /* Build configuration list for PBXNativeTarget "StickerPocketUITests" */ = {
			isa = XCConfigurationList;
			buildConfigurations = (
				F8B854071FA8723B00892862 /* Debug */,
				F8B854081FA8723B00892862 /* Release */,
			);
			defaultConfigurationIsVisible = 0;
			defaultConfigurationName = Release;
		};
/* End XCConfigurationList section */
	};
	rootObject = F8B853CC1FA8723A00892862 /* Project object */;
}
